
Microsoft Visual Studio Solution File, Format Version 12.00
# Visual Studio Version 16
VisualStudioVersion = 16.0.29021.104
MinimumVisualStudioVersion = 10.0.40219.1
Project("{FAE04EC0-301F-11D3-BF4B-00C04F79EFBC}") = "ProjViagens", "ProjViagens.csproj", "{B4BCCF5A-3B68-4B11-980C-E5EBA3824E10}"
EndProject
Global
	GlobalSection(SolutionConfigurationPlatforms) = preSolution
		Debug|Any CPU = Debug|Any CPU
		Release|Any CPU = Release|Any CPU
	EndGlobalSection
	GlobalSection(ProjectConfigurationPlatforms) = postSolution
		{B4BCCF5A-3B68-4B11-980C-E5EBA3824E10}.Debug|Any CPU.ActiveCfg = Debug|Any CPU
		{B4BCCF5A-3B68-4B11-980C-E5EBA3824E10}.Debug|Any CPU.Build.0 = Debug|Any CPU
		{B4BCCF5A-3B68-4B11-980C-E5EBA3824E10}.Release|Any CPU.ActiveCfg = Release|Any CPU
		{B4BCCF5A-3B68-4B11-980C-E5EBA3824E10}.Release|Any CPU.Build.0 = Release|Any CPU
	EndGlobalSection
	GlobalSection(SolutionProperties) = preSolution
		HideSolutionNode = FALSE
	EndGlobalSection
	GlobalSection(ExtensibilityGlobals) = postSolution
		SolutionGuid = {362EF007-77D7-42EB-8CC5-29FF0F808DE1}
	EndGlobalSection
EndGlobal
